
Microsoft Visual Studio Solution File, Format Version 12.00
# Visual Studio Version 16
VisualStudioVersion = 16.0.31605.320
MinimumVisualStudioVersion = 10.0.40219.1
Project("{9A19103F-16F7-4668-BE54-9A1E7A4F7556}") = "TaskManager_ASP.NET_Core", "TaskManager_ASP.NET_Core\TaskManager_ASP.NET_Core.csproj", "{DBA3E6B5-5A28-4551-B744-5F47CF743EC9}"
EndProject
Project("{9A19103F-16F7-4668-BE54-9A1E7A4F7556}") = "TaskManager.App", "TaskManager.App\TaskManager.App.csproj", "{CE1262B2-95C8-492A-AA0B-4CE213631CED}"
EndProject
Project("{9A19103F-16F7-4668-BE54-9A1E7A4F7556}") = "TaskManager.Storage", "TaskManager.Storage\TaskManager.Storage.csproj", "{35887CA5-814F-4056-8F75-DD75F7511508}"
EndProject
Project("{9A19103F-16F7-4668-BE54-9A1E7A4F7556}") = "TaskManager.Exceptions", "TaskManager.Exception\TaskManager.Exceptions.csproj", "{F9002521-1992-400C-9B11-E80CB6842C98}"
EndProject
Project("{9A19103F-16F7-4668-BE54-9A1E7A4F7556}") = "Auth.Common", "Auth.Common\Auth.Common.csproj", "{A3B5855D-3FEF-48DC-AC69-F55D6F1479E7}"
EndProject
Project("{FAE04EC0-301F-11D3-BF4B-00C04F79EFBC}") = "TaskManager.Domain", "TaskManager.Domain\TaskManager.Domain.csproj", "{591E0E0A-938E-4EBD-AC90-73068BF017D6}"
EndProject
Global
	GlobalSection(SolutionConfigurationPlatforms) = preSolution
		Debug|Any CPU = Debug|Any CPU
		Release|Any CPU = Release|Any CPU
	EndGlobalSection
	GlobalSection(ProjectConfigurationPlatforms) = postSolution
		{DBA3E6B5-5A28-4551-B744-5F47CF743EC9}.Debug|Any CPU.ActiveCfg = Debug|Any CPU
		{DBA3E6B5-5A28-4551-B744-5F47CF743EC9}.Debug|Any CPU.Build.0 = Debug|Any CPU
		{DBA3E6B5-5A28-4551-B744-5F47CF743EC9}.Release|Any CPU.ActiveCfg = Release|Any CPU
		{DBA3E6B5-5A28-4551-B744-5F47CF743EC9}.Release|Any CPU.Build.0 = Release|Any CPU
		{CE1262B2-95C8-492A-AA0B-4CE213631CED}.Debug|Any CPU.ActiveCfg = Debug|Any CPU
		{CE1262B2-95C8-492A-AA0B-4CE213631CED}.Debug|Any CPU.Build.0 = Debug|Any CPU
		{CE1262B2-95C8-492A-AA0B-4CE213631CED}.Release|Any CPU.ActiveCfg = Release|Any CPU
		{CE1262B2-95C8-492A-AA0B-4CE213631CED}.Release|Any CPU.Build.0 = Release|Any CPU
		{35887CA5-814F-4056-8F75-DD75F7511508}.Debug|Any CPU.ActiveCfg = Debug|Any CPU
		{35887CA5-814F-4056-8F75-DD75F7511508}.Debug|Any CPU.Build.0 = Debug|Any CPU
		{35887CA5-814F-4056-8F75-DD75F7511508}.Release|Any CPU.ActiveCfg = Release|Any CPU
		{35887CA5-814F-4056-8F75-DD75F7511508}.Release|Any CPU.Build.0 = Release|Any CPU
		{F9002521-1992-400C-9B11-E80CB6842C98}.Debug|Any CPU.ActiveCfg = Debug|Any CPU
		{F9002521-1992-400C-9B11-E80CB6842C98}.Debug|Any CPU.Build.0 = Debug|Any CPU
		{F9002521-1992-400C-9B11-E80CB6842C98}.Release|Any CPU.ActiveCfg = Release|Any CPU
		{F9002521-1992-400C-9B11-E80CB6842C98}.Release|Any CPU.Build.0 = Release|Any CPU
		{A3B5855D-3FEF-48DC-AC69-F55D6F1479E7}.Debug|Any CPU.ActiveCfg = Debug|Any CPU
		{A3B5855D-3FEF-48DC-AC69-F55D6F1479E7}.Debug|Any CPU.Build.0 = Debug|Any CPU
		{A3B5855D-3FEF-48DC-AC69-F55D6F1479E7}.Release|Any CPU.ActiveCfg = Release|Any CPU
		{A3B5855D-3FEF-48DC-AC69-F55D6F1479E7}.Release|Any CPU.Build.0 = Release|Any CPU
		{591E0E0A-938E-4EBD-AC90-73068BF017D6}.Debug|Any CPU.ActiveCfg = Debug|Any CPU
		{591E0E0A-938E-4EBD-AC90-73068BF017D6}.Debug|Any CPU.Build.0 = Debug|Any CPU
		{591E0E0A-938E-4EBD-AC90-73068BF017D6}.Release|Any CPU.ActiveCfg = Release|Any CPU
		{591E0E0A-938E-4EBD-AC90-73068BF017D6}.Release|Any CPU.Build.0 = Release|Any CPU
	EndGlobalSection
	GlobalSection(SolutionProperties) = preSolution
		HideSolutionNode = FALSE
	EndGlobalSection
	GlobalSection(ExtensibilityGlobals) = postSolution
		SolutionGuid = {7EDEBA5B-F645-4403-86A2-F28C2E92B57E}
	EndGlobalSection
EndGlobal
